{
  "name": "compsys-example",
  "version": "0.0.1",
  "lockfileVersion": 1,
  "requires": true,
  "dependencies": {
    "@types/node": {
      "version": "12.7.5",
      "resolved": "https://registry.npmjs.org/@types/node/-/node-12.7.5.tgz",
      "integrity": "sha512-9fq4jZVhPNW8r+UYKnxF1e2HkDWOWKM5bC2/7c9wPV835I0aOrVbS/Hw/pWPk2uKrNXQqg9Z959Kz+IYDd5p3w=="
    },
    "compsys": {
      "version": "file:..",
      "requires": {
        "dependency-graph": "^0.8.0"
      },
      "dependencies": {
        "dependency-graph": {
          "version": "0.8.0",
          "resolved": "https://registry.npmjs.org/dependency-graph/-/dependency-graph-0.8.0.tgz",
          "integrity": "sha512-DCvzSq2UiMsuLnj/9AL484ummEgLtZIcRS7YvtO38QnpX3vqh9nJ8P+zhu8Ja+SmLrBHO2iDbva20jq38qvBkQ=="
        }
      }
    }
  }
}
