{
  "name": "compsys-example-2",
  "version": "0.0.1",
  "lockfileVersion": 1,
  "requires": true,
  "dependencies": {
    "@types/node": {
      "version": "12.7.12",
      "resolved": "https://registry.npmjs.org/@types/node/-/node-12.7.12.tgz",
      "integrity": "sha512-KPYGmfD0/b1eXurQ59fXD1GBzhSQfz6/lKBxkaHX9dKTzjXbK68Zt7yGUxUsCS1jeTy/8aL+d9JEr+S54mpkWQ=="
    },
    "commander": {
      "version": "3.0.2",
      "resolved": "https://registry.npmjs.org/commander/-/commander-3.0.2.tgz",
      "integrity": "sha512-Gar0ASD4BDyKC4hl4DwHqDrmvjoxWKZigVnAbn5H1owvm4CxCPdb0HQDehwNYMJpla5+M2tPmPARzhtYuwpHow=="
    },
    "compsys": {
      "version": "file:../..",
      "requires": {
        "dependency-graph": "^0.8.0"
      },
      "dependencies": {
        "@types/node": {
          "version": "12.7.7",
          "resolved": "https://registry.npmjs.org/@types/node/-/node-12.7.7.tgz",
          "integrity": "sha512-4jUncNe2tj1nmrO/34PsRpZqYVnRV1svbU78cKhuQKkMntKB/AmdLyGgswcZKjFHEHGpiY8pVD8CuVI55nP54w=="
        },
        "dependency-graph": {
          "version": "0.8.0",
          "resolved": "https://registry.npmjs.org/dependency-graph/-/dependency-graph-0.8.0.tgz",
          "integrity": "sha512-DCvzSq2UiMsuLnj/9AL484ummEgLtZIcRS7YvtO38QnpX3vqh9nJ8P+zhu8Ja+SmLrBHO2iDbva20jq38qvBkQ=="
        }
      }
    },
    "equals": {
      "version": "1.0.5",
      "resolved": "https://registry.npmjs.org/equals/-/equals-1.0.5.tgz",
      "integrity": "sha1-ISBi3eXhpRDZVfE1mO/MamIbas4=",
      "requires": {
        "jkroso-type": "1"
      }
    },
    "immutable": {
      "version": "4.0.0-rc.12",
      "resolved": "https://registry.npmjs.org/immutable/-/immutable-4.0.0-rc.12.tgz",
      "integrity": "sha512-0M2XxkZLx/mi3t8NVwIm1g8nHoEmM9p9UBl/G9k4+hm0kBgOVdMV/B3CY5dQ8qG8qc80NN4gDV4HQv6FTJ5q7A=="
    },
    "jkroso-type": {
      "version": "1.1.1",
      "resolved": "https://registry.npmjs.org/jkroso-type/-/jkroso-type-1.1.1.tgz",
      "integrity": "sha1-vEztbWxF/gdFKCuvyGqfjE/JzmE="
    },
    "jsedn": {
      "version": "0.4.1",
      "resolved": "https://registry.npmjs.org/jsedn/-/jsedn-0.4.1.tgz",
      "integrity": "sha1-UVX1Z0UKe5QHhBTv3akDOKXTOcE=",
      "requires": {
        "commander": "^3.0.2",
        "equals": "^1.0.5",
        "type-component": "^0.0.1"
      }
    },
    "type-component": {
      "version": "0.0.1",
      "resolved": "https://registry.npmjs.org/type-component/-/type-component-0.0.1.tgz",
      "integrity": "sha1-lSpsgcIe/STRPYEdDISYy4YOGVY="
    }
  }
}
